
Microsoft Visual Studio Solution File, Format Version 12.00
# Visual Studio Version 17
VisualStudioVersion = 17.12.35527.113
MinimumVisualStudioVersion = 10.0.40219.1
Project("{FAE04EC0-301F-11D3-BF4B-00C04F79EFBC}") = "MehnahFinalApi", "MehnahFinalApi\MehnahFinalApi.csproj", "{5AF24F44-6C12-478D-9D66-A3347DA52EE6}"
EndProject
Project("{FAE04EC0-301F-11D3-BF4B-00C04F79EFBC}") = "MehnahFinalMVC", "MehnahFinalMVC\MehnahFinalMVC.csproj", "{A0DEC432-BDFD-412D-8E48-D1B5C6121C73}"
EndProject
Project("{FAE04EC0-301F-11D3-BF4B-00C04F79EFBC}") = "Mehnah.Shared", "Mehnah.Shared\Mehnah.Shared.csproj", "{4B653C49-A09A-4F10-9896-8722293C21D6}"
EndProject
Global
	GlobalSection(SolutionConfigurationPlatforms) = preSolution
		Debug|Any CPU = Debug|Any CPU
		Release|Any CPU = Release|Any CPU
	EndGlobalSection
	GlobalSection(ProjectConfigurationPlatforms) = postSolution
		{5AF24F44-6C12-478D-9D66-A3347DA52EE6}.Debug|Any CPU.ActiveCfg = Debug|Any CPU
		{5AF24F44-6C12-478D-9D66-A3347DA52EE6}.Debug|Any CPU.Build.0 = Debug|Any CPU
		{5AF24F44-6C12-478D-9D66-A3347DA52EE6}.Release|Any CPU.ActiveCfg = Release|Any CPU
		{5AF24F44-6C12-478D-9D66-A3347DA52EE6}.Release|Any CPU.Build.0 = Release|Any CPU
		{A0DEC432-BDFD-412D-8E48-D1B5C6121C73}.Debug|Any CPU.ActiveCfg = Debug|Any CPU
		{A0DEC432-BDFD-412D-8E48-D1B5C6121C73}.Debug|Any CPU.Build.0 = Debug|Any CPU
		{A0DEC432-BDFD-412D-8E48-D1B5C6121C73}.Release|Any CPU.ActiveCfg = Release|Any CPU
		{A0DEC432-BDFD-412D-8E48-D1B5C6121C73}.Release|Any CPU.Build.0 = Release|Any CPU
		{4B653C49-A09A-4F10-9896-8722293C21D6}.Debug|Any CPU.ActiveCfg = Debug|Any CPU
		{4B653C49-A09A-4F10-9896-8722293C21D6}.Debug|Any CPU.Build.0 = Debug|Any CPU
		{4B653C49-A09A-4F10-9896-8722293C21D6}.Release|Any CPU.ActiveCfg = Release|Any CPU
		{4B653C49-A09A-4F10-9896-8722293C21D6}.Release|Any CPU.Build.0 = Release|Any CPU
	EndGlobalSection
	GlobalSection(SolutionProperties) = preSolution
		HideSolutionNode = FALSE
	EndGlobalSection
EndGlobal
